
Microsoft Visual Studio Solution File, Format Version 12.00
# Visual Studio Version 17
VisualStudioVersion = 17.4.33027.239
MinimumVisualStudioVersion = 10.0.40219.1
Project("{9A19103F-16F7-4668-BE54-9A1E7A4F7556}") = "ButterEquipped", "src\ButterEquipped\ButterEquipped.csproj", "{259CEEE0-3727-4A1B-97F1-7BD1C69F1290}"
EndProject
Global
	GlobalSection(SolutionConfigurationPlatforms) = preSolution
		Beta_Debug|x64 = Beta_Debug|x64
		Beta_Release|x64 = Beta_Release|x64
		Debug|x64 = Debug|x64
		Release|x64 = Release|x64
		Stable_Debug|x64 = Stable_Debug|x64
		Stable_Release|x64 = Stable_Release|x64
	EndGlobalSection
	GlobalSection(ProjectConfigurationPlatforms) = postSolution
		{259CEEE0-3727-4A1B-97F1-7BD1C69F1290}.Beta_Debug|x64.ActiveCfg = Beta_Debug|x64
		{259CEEE0-3727-4A1B-97F1-7BD1C69F1290}.Beta_Debug|x64.Build.0 = Beta_Debug|x64
		{259CEEE0-3727-4A1B-97F1-7BD1C69F1290}.Beta_Release|x64.ActiveCfg = Beta_Release|x64
		{259CEEE0-3727-4A1B-97F1-7BD1C69F1290}.Beta_Release|x64.Build.0 = Beta_Release|x64
		{259CEEE0-3727-4A1B-97F1-7BD1C69F1290}.Debug|x64.ActiveCfg = Debug|x64
		{259CEEE0-3727-4A1B-97F1-7BD1C69F1290}.Debug|x64.Build.0 = Debug|x64
		{259CEEE0-3727-4A1B-97F1-7BD1C69F1290}.Release|x64.ActiveCfg = Release|x64
		{259CEEE0-3727-4A1B-97F1-7BD1C69F1290}.Release|x64.Build.0 = Release|x64
		{259CEEE0-3727-4A1B-97F1-7BD1C69F1290}.Stable_Debug|x64.ActiveCfg = Stable_Debug|x64
		{259CEEE0-3727-4A1B-97F1-7BD1C69F1290}.Stable_Debug|x64.Build.0 = Stable_Debug|x64
		{259CEEE0-3727-4A1B-97F1-7BD1C69F1290}.Stable_Release|x64.ActiveCfg = Stable_Release|x64
		{259CEEE0-3727-4A1B-97F1-7BD1C69F1290}.Stable_Release|x64.Build.0 = Stable_Release|x64
	EndGlobalSection
	GlobalSection(SolutionProperties) = preSolution
		HideSolutionNode = FALSE
	EndGlobalSection
	GlobalSection(ExtensibilityGlobals) = postSolution
		SolutionGuid = {E69B37F1-592D-4B9D-A6A3-5D7C570B2A7A}
	EndGlobalSection
EndGlobal
